
Microsoft Visual Studio Solution File, Format Version 12.00
# Visual Studio Version 17
VisualStudioVersion = 17.6.33723.286
MinimumVisualStudioVersion = 10.0.40219.1
Project("{9A19103F-16F7-4668-BE54-9A1E7A4F7556}") = "MKPMobileProject", "SpecFlowProject1\MKPMobileProject.csproj", "{B52BE8F1-E7C8-4AB4-BA49-71307B88FC22}"
EndProject
Global
	GlobalSection(SolutionConfigurationPlatforms) = preSolution
		Debug|Any CPU = Debug|Any CPU
		Release|Any CPU = Release|Any CPU
	EndGlobalSection
	GlobalSection(ProjectConfigurationPlatforms) = postSolution
		{B52BE8F1-E7C8-4AB4-BA49-71307B88FC22}.Debug|Any CPU.ActiveCfg = Debug|Any CPU
		{B52BE8F1-E7C8-4AB4-BA49-71307B88FC22}.Debug|Any CPU.Build.0 = Debug|Any CPU
		{B52BE8F1-E7C8-4AB4-BA49-71307B88FC22}.Release|Any CPU.ActiveCfg = Release|Any CPU
		{B52BE8F1-E7C8-4AB4-BA49-71307B88FC22}.Release|Any CPU.Build.0 = Release|Any CPU
	EndGlobalSection
	GlobalSection(SolutionProperties) = preSolution
		HideSolutionNode = FALSE
	EndGlobalSection
	GlobalSection(ExtensibilityGlobals) = postSolution
		SolutionGuid = {E2883B9C-BD8A-4961-ADB8-2197D02FDC0D}
	EndGlobalSection
EndGlobal
